schema: '2.0'
stages:
  load_data:
    cmd: python src/load_data.py --config=paramal.yaml
    deps:
    - path: data_given/winequality-red.csv
      md5: 6a883fd98624e18c0b7ce251f4fab4fb
      size: 100951
    - path: src/get_data.py
      md5: c36961ba40a62a4ab56767b9361b1722
      size: 657
    - path: src/load_data.py
      md5: 4c4c00773f9b69d2f3828d661b68d7a7
      size: 651
    outs:
    - path: data/raw/winequality-red.csv
      md5: b81c95040ccc1f04820095a237ba3c61
      size: 93485
